
Microsoft Visual Studio Solution File, Format Version 12.00
# Visual Studio 15
VisualStudioVersion = 15.0.27703.2026
MinimumVisualStudioVersion = 10.0.40219.1
Project("{A07B5EB6-E848-4116-A8D0-A826331D98C6}") = "MapsApp", "MapsApp\MapsApp.sfproj", "{F5EE7ABD-04F9-4059-ABD1-3DA92CB874C4}"
EndProject
Project("{FAE04EC0-301F-11D3-BF4B-00C04F79EFBC}") = "MapsService", "MapsService\MapsService.csproj", "{1ABE019C-1456-48EE-8518-4504980BB9DC}"
EndProject
Global
	GlobalSection(SolutionConfigurationPlatforms) = preSolution
		Debug|Any CPU = Debug|Any CPU
		Debug|x64 = Debug|x64
		Release|Any CPU = Release|Any CPU
		Release|x64 = Release|x64
	EndGlobalSection
	GlobalSection(ProjectConfigurationPlatforms) = postSolution
		{F5EE7ABD-04F9-4059-ABD1-3DA92CB874C4}.Debug|Any CPU.ActiveCfg = Debug|x64
		{F5EE7ABD-04F9-4059-ABD1-3DA92CB874C4}.Debug|x64.ActiveCfg = Debug|x64
		{F5EE7ABD-04F9-4059-ABD1-3DA92CB874C4}.Debug|x64.Build.0 = Debug|x64
		{F5EE7ABD-04F9-4059-ABD1-3DA92CB874C4}.Debug|x64.Deploy.0 = Debug|x64
		{F5EE7ABD-04F9-4059-ABD1-3DA92CB874C4}.Release|Any CPU.ActiveCfg = Release|x64
		{F5EE7ABD-04F9-4059-ABD1-3DA92CB874C4}.Release|x64.ActiveCfg = Release|x64
		{F5EE7ABD-04F9-4059-ABD1-3DA92CB874C4}.Release|x64.Build.0 = Release|x64
		{F5EE7ABD-04F9-4059-ABD1-3DA92CB874C4}.Release|x64.Deploy.0 = Release|x64
		{1ABE019C-1456-48EE-8518-4504980BB9DC}.Debug|Any CPU.ActiveCfg = Debug|Any CPU
		{1ABE019C-1456-48EE-8518-4504980BB9DC}.Debug|Any CPU.Build.0 = Debug|Any CPU
		{1ABE019C-1456-48EE-8518-4504980BB9DC}.Debug|x64.ActiveCfg = Debug|Any CPU
		{1ABE019C-1456-48EE-8518-4504980BB9DC}.Debug|x64.Build.0 = Debug|Any CPU
		{1ABE019C-1456-48EE-8518-4504980BB9DC}.Release|Any CPU.ActiveCfg = Release|Any CPU
		{1ABE019C-1456-48EE-8518-4504980BB9DC}.Release|Any CPU.Build.0 = Release|Any CPU
		{1ABE019C-1456-48EE-8518-4504980BB9DC}.Release|x64.ActiveCfg = Release|Any CPU
		{1ABE019C-1456-48EE-8518-4504980BB9DC}.Release|x64.Build.0 = Release|Any CPU
	EndGlobalSection
	GlobalSection(SolutionProperties) = preSolution
		HideSolutionNode = FALSE
	EndGlobalSection
	GlobalSection(ExtensibilityGlobals) = postSolution
		SolutionGuid = {C56DD502-600B-4EF5-A044-3B2BC96C250B}
	EndGlobalSection
EndGlobal
